
Microsoft Visual Studio Solution File, Format Version 12.00
# Visual Studio for Mac
Project("{E097FAD1-6243-4DAD-9C02-E9B9EFC3FFC1}") = "Assembly-CSharp", "Assembly-CSharp.csproj", "{44FB1743-7F9F-C403-816D-644CBED07D34}"
EndProject
Project("{E097FAD1-6243-4DAD-9C02-E9B9EFC3FFC1}") = "Assembly-CSharp-Editor", "Assembly-CSharp-Editor.csproj", "{40061560-BAEA-0110-A7F6-E0B1EA02842F}"
EndProject
Project("{E097FAD1-6243-4DAD-9C02-E9B9EFC3FFC1}") = "Assembly-CSharp-Editor-firstpass", "Assembly-CSharp-Editor-firstpass.csproj", "{B1715744-26F6-9F18-E231-6A02156A3C95}"
EndProject
Global
	GlobalSection(SolutionConfigurationPlatforms) = preSolution
		Debug|Any CPU = Debug|Any CPU
		Release|Any CPU = Release|Any CPU
	EndGlobalSection
	GlobalSection(ProjectConfigurationPlatforms) = postSolution
		{44FB1743-7F9F-C403-816D-644CBED07D34}.Debug|Any CPU.ActiveCfg = Debug|Any CPU
		{44FB1743-7F9F-C403-816D-644CBED07D34}.Debug|Any CPU.Build.0 = Debug|Any CPU
		{44FB1743-7F9F-C403-816D-644CBED07D34}.Release|Any CPU.ActiveCfg = Release|Any CPU
		{44FB1743-7F9F-C403-816D-644CBED07D34}.Release|Any CPU.Build.0 = Release|Any CPU
		{40061560-BAEA-0110-A7F6-E0B1EA02842F}.Debug|Any CPU.ActiveCfg = Debug|Any CPU
		{40061560-BAEA-0110-A7F6-E0B1EA02842F}.Debug|Any CPU.Build.0 = Debug|Any CPU
		{40061560-BAEA-0110-A7F6-E0B1EA02842F}.Release|Any CPU.ActiveCfg = Release|Any CPU
		{40061560-BAEA-0110-A7F6-E0B1EA02842F}.Release|Any CPU.Build.0 = Release|Any CPU
		{B1715744-26F6-9F18-E231-6A02156A3C95}.Debug|Any CPU.ActiveCfg = Debug|Any CPU
		{B1715744-26F6-9F18-E231-6A02156A3C95}.Debug|Any CPU.Build.0 = Debug|Any CPU
		{B1715744-26F6-9F18-E231-6A02156A3C95}.Release|Any CPU.ActiveCfg = Release|Any CPU
		{B1715744-26F6-9F18-E231-6A02156A3C95}.Release|Any CPU.Build.0 = Release|Any CPU
	EndGlobalSection
	GlobalSection(SolutionProperties) = preSolution
		HideSolutionNode = FALSE
	EndGlobalSection
EndGlobal
